Microsoft Visual Studio Solution File, Format Version 12.00
# Visual Studio Version 17
VisualStudioVersion = 17.5.2.0
MinimumVisualStudioVersion = 10.0.40219.1
Project("{2150E333-8FDC-42A3-9474-1A3956D46DE8}") = "src", "src", "{827E0CD3-B72D-47B6-A68D-7590B98EB39B}"
EndProject
Project("{2150E333-8FDC-42A3-9474-1A3956D46DE8}") = "common", "common", "{BFF2DF6E-AA54-47C7-211F-79ACCBB4577C}"
EndProject
Project("{FAE04EC0-301F-11D3-BF4B-00C04F79EFBC}") = "Contracts", "src\common\Contracts\Contracts.csproj", "{AFCFB084-3524-F09E-B362-540BE453FA7E}"
EndProject
Project("{2150E333-8FDC-42A3-9474-1A3956D46DE8}") = "direct", "direct", "{7D01B715-60B3-FD5D-E483-E4DF0DCCADAA}"
EndProject
Project("{FAE04EC0-301F-11D3-BF4B-00C04F79EFBC}") = "Direct.Consumer.A", "src\direct\Direct.Consumer.A\Direct.Consumer.A.csproj", "{A10822A5-D197-24DD-A483-546D59919CE6}"
EndProject
Project("{FAE04EC0-301F-11D3-BF4B-00C04F79EFBC}") = "Direct.Producer", "src\direct\Direct.Producer\Direct.Producer.csproj", "{B251332C-FB4D-C090-C04B-54D72FF723A3}"
EndProject
Project("{2150E333-8FDC-42A3-9474-1A3956D46DE8}") = "fanout", "fanout", "{120081E4-7EBD-A5C2-3C5E-D1E6FB3ED331}"
EndProject
Project("{FAE04EC0-301F-11D3-BF4B-00C04F79EFBC}") = "Fanout.Consumer.1", "src\fanout\Fanout.Consumer.1\Fanout.Consumer.1.csproj", "{9FA9ACD5-224F-53D3-F921-45F184690C67}"
EndProject
Project("{FAE04EC0-301F-11D3-BF4B-00C04F79EFBC}") = "Fanout.Consumer.2", "src\fanout\Fanout.Consumer.2\Fanout.Consumer.2.csproj", "{C7229F87-7CC3-0DFC-9C12-CB16CC932A6E}"
EndProject
Project("{FAE04EC0-301F-11D3-BF4B-00C04F79EFBC}") = "Fanout.Producer", "src\fanout\Fanout.Producer\Fanout.Producer.csproj", "{514F3A3A-4E0E-F246-01EA-29FDB896AAC5}"
EndProject
Project("{2150E333-8FDC-42A3-9474-1A3956D46DE8}") = "headers", "headers", "{A66ABE38-0562-DD4F-4BE1-DF0122CEB6BB}"
EndProject
Project("{FAE04EC0-301F-11D3-BF4B-00C04F79EFBC}") = "Headers.Consumer.AnyPriority", "src\headers\Headers.Consumer.AnyPriority\Headers.Consumer.AnyPriority.csproj", "{ED1ABE76-6FFC-AEFD-5B37-C2E25C1308E1}"
EndProject
Project("{FAE04EC0-301F-11D3-BF4B-00C04F79EFBC}") = "Headers.Consumer.US", "src\headers\Headers.Consumer.US\Headers.Consumer.US.csproj", "{9DFC39E5-399D-79C5-EA74-2D7D38AF2BCB}"
EndProject
Project("{FAE04EC0-301F-11D3-BF4B-00C04F79EFBC}") = "Headers.Producer", "src\headers\Headers.Producer\Headers.Producer.csproj", "{AD5C80AE-1FF3-72A2-6870-5DA3B27D1636}"
EndProject
Project("{2150E333-8FDC-42A3-9474-1A3956D46DE8}") = "topic", "topic", "{96CFCF30-48C2-C5C8-4EAD-E16084ECFA30}"
EndProject
Project("{FAE04EC0-301F-11D3-BF4B-00C04F79EFBC}") = "Topic.Consumer.Finance", "src\topic\Topic.Consumer.Finance\Topic.Consumer.Finance.csproj", "{B6CAEBB5-B68A-D5EC-366B-56E7A2F3CAC1}"
EndProject
Project("{FAE04EC0-301F-11D3-BF4B-00C04F79EFBC}") = "Topic.Consumer.Tech", "src\topic\Topic.Consumer.Tech\Topic.Consumer.Tech.csproj", "{B5B5BD3F-0485-C0DD-FA1B-C2CE5695C8A6}"
EndProject
Project("{FAE04EC0-301F-11D3-BF4B-00C04F79EFBC}") = "Topic.Producer", "src\topic\Topic.Producer\Topic.Producer.csproj", "{D4FF8456-8619-B646-F6F8-E330224807F9}"
EndProject
Global
	GlobalSection(SolutionConfigurationPlatforms) = preSolution
		Debug|Any CPU = Debug|Any CPU
		Release|Any CPU = Release|Any CPU
	EndGlobalSection
	GlobalSection(ProjectConfigurationPlatforms) = postSolution
		{AFCFB084-3524-F09E-B362-540BE453FA7E}.Debug|Any CPU.ActiveCfg = Debug|Any CPU
		{AFCFB084-3524-F09E-B362-540BE453FA7E}.Debug|Any CPU.Build.0 = Debug|Any CPU
		{AFCFB084-3524-F09E-B362-540BE453FA7E}.Release|Any CPU.ActiveCfg = Release|Any CPU
		{AFCFB084-3524-F09E-B362-540BE453FA7E}.Release|Any CPU.Build.0 = Release|Any CPU
		{A10822A5-D197-24DD-A483-546D59919CE6}.Debug|Any CPU.ActiveCfg = Debug|Any CPU
		{A10822A5-D197-24DD-A483-546D59919CE6}.Debug|Any CPU.Build.0 = Debug|Any CPU
		{A10822A5-D197-24DD-A483-546D59919CE6}.Release|Any CPU.ActiveCfg = Release|Any CPU
		{A10822A5-D197-24DD-A483-546D59919CE6}.Release|Any CPU.Build.0 = Release|Any CPU
		{B251332C-FB4D-C090-C04B-54D72FF723A3}.Debug|Any CPU.ActiveCfg = Debug|Any CPU
		{B251332C-FB4D-C090-C04B-54D72FF723A3}.Debug|Any CPU.Build.0 = Debug|Any CPU
		{B251332C-FB4D-C090-C04B-54D72FF723A3}.Release|Any CPU.ActiveCfg = Release|Any CPU
		{B251332C-FB4D-C090-C04B-54D72FF723A3}.Release|Any CPU.Build.0 = Release|Any CPU
		{9FA9ACD5-224F-53D3-F921-45F184690C67}.Debug|Any CPU.ActiveCfg = Debug|Any CPU
		{9FA9ACD5-224F-53D3-F921-45F184690C67}.Debug|Any CPU.Build.0 = Debug|Any CPU
		{9FA9ACD5-224F-53D3-F921-45F184690C67}.Release|Any CPU.ActiveCfg = Release|Any CPU
		{9FA9ACD5-224F-53D3-F921-45F184690C67}.Release|Any CPU.Build.0 = Release|Any CPU
		{C7229F87-7CC3-0DFC-9C12-CB16CC932A6E}.Debug|Any CPU.ActiveCfg = Debug|Any CPU
		{C7229F87-7CC3-0DFC-9C12-CB16CC932A6E}.Debug|Any CPU.Build.0 = Debug|Any CPU
		{C7229F87-7CC3-0DFC-9C12-CB16CC932A6E}.Release|Any CPU.ActiveCfg = Release|Any CPU
		{C7229F87-7CC3-0DFC-9C12-CB16CC932A6E}.Release|Any CPU.Build.0 = Release|Any CPU
		{514F3A3A-4E0E-F246-01EA-29FDB896AAC5}.Debug|Any CPU.ActiveCfg = Debug|Any CPU
		{514F3A3A-4E0E-F246-01EA-29FDB896AAC5}.Debug|Any CPU.Build.0 = Debug|Any CPU
		{514F3A3A-4E0E-F246-01EA-29FDB896AAC5}.Release|Any CPU.ActiveCfg = Release|Any CPU
		{514F3A3A-4E0E-F246-01EA-29FDB896AAC5}.Release|Any CPU.Build.0 = Release|Any CPU
		{ED1ABE76-6FFC-AEFD-5B37-C2E25C1308E1}.Debug|Any CPU.ActiveCfg = Debug|Any CPU
		{ED1ABE76-6FFC-AEFD-5B37-C2E25C1308E1}.Debug|Any CPU.Build.0 = Debug|Any CPU
		{ED1ABE76-6FFC-AEFD-5B37-C2E25C1308E1}.Release|Any CPU.ActiveCfg = Release|Any CPU
		{ED1ABE76-6FFC-AEFD-5B37-C2E25C1308E1}.Release|Any CPU.Build.0 = Release|Any CPU
		{9DFC39E5-399D-79C5-EA74-2D7D38AF2BCB}.Debug|Any CPU.ActiveCfg = Debug|Any CPU
		{9DFC39E5-399D-79C5-EA74-2D7D38AF2BCB}.Debug|Any CPU.Build.0 = Debug|Any CPU
		{9DFC39E5-399D-79C5-EA74-2D7D38AF2BCB}.Release|Any CPU.ActiveCfg = Release|Any CPU
		{9DFC39E5-399D-79C5-EA74-2D7D38AF2BCB}.Release|Any CPU.Build.0 = Release|Any CPU
		{AD5C80AE-1FF3-72A2-6870-5DA3B27D1636}.Debug|Any CPU.ActiveCfg = Debug|Any CPU
		{AD5C80AE-1FF3-72A2-6870-5DA3B27D1636}.Debug|Any CPU.Build.0 = Debug|Any CPU
		{AD5C80AE-1FF3-72A2-6870-5DA3B27D1636}.Release|Any CPU.ActiveCfg = Release|Any CPU
		{AD5C80AE-1FF3-72A2-6870-5DA3B27D1636}.Release|Any CPU.Build.0 = Release|Any CPU
		{B6CAEBB5-B68A-D5EC-366B-56E7A2F3CAC1}.Debug|Any CPU.ActiveCfg = Debug|Any CPU
		{B6CAEBB5-B68A-D5EC-366B-56E7A2F3CAC1}.Debug|Any CPU.Build.0 = Debug|Any CPU
		{B6CAEBB5-B68A-D5EC-366B-56E7A2F3CAC1}.Release|Any CPU.ActiveCfg = Release|Any CPU
		{B6CAEBB5-B68A-D5EC-366B-56E7A2F3CAC1}.Release|Any CPU.Build.0 = Release|Any CPU
		{B5B5BD3F-0485-C0DD-FA1B-C2CE5695C8A6}.Debug|Any CPU.ActiveCfg = Debug|Any CPU
		{B5B5BD3F-0485-C0DD-FA1B-C2CE5695C8A6}.Debug|Any CPU.Build.0 = Debug|Any CPU
		{B5B5BD3F-0485-C0DD-FA1B-C2CE5695C8A6}.Release|Any CPU.ActiveCfg = Release|Any CPU
		{B5B5BD3F-0485-C0DD-FA1B-C2CE5695C8A6}.Release|Any CPU.Build.0 = Release|Any CPU
		{D4FF8456-8619-B646-F6F8-E330224807F9}.Debug|Any CPU.ActiveCfg = Debug|Any CPU
		{D4FF8456-8619-B646-F6F8-E330224807F9}.Debug|Any CPU.Build.0 = Debug|Any CPU
		{D4FF8456-8619-B646-F6F8-E330224807F9}.Release|Any CPU.ActiveCfg = Release|Any CPU
		{D4FF8456-8619-B646-F6F8-E330224807F9}.Release|Any CPU.Build.0 = Release|Any CPU
	EndGlobalSection
	GlobalSection(SolutionProperties) = preSolution
		HideSolutionNode = FALSE
	EndGlobalSection
	GlobalSection(NestedProjects) = preSolution
		{BFF2DF6E-AA54-47C7-211F-79ACCBB4577C} = {827E0CD3-B72D-47B6-A68D-7590B98EB39B}
		{AFCFB084-3524-F09E-B362-540BE453FA7E} = {BFF2DF6E-AA54-47C7-211F-79ACCBB4577C}
		{7D01B715-60B3-FD5D-E483-E4DF0DCCADAA} = {827E0CD3-B72D-47B6-A68D-7590B98EB39B}
		{A10822A5-D197-24DD-A483-546D59919CE6} = {7D01B715-60B3-FD5D-E483-E4DF0DCCADAA}
		{B251332C-FB4D-C090-C04B-54D72FF723A3} = {7D01B715-60B3-FD5D-E483-E4DF0DCCADAA}
		{120081E4-7EBD-A5C2-3C5E-D1E6FB3ED331} = {827E0CD3-B72D-47B6-A68D-7590B98EB39B}
		{9FA9ACD5-224F-53D3-F921-45F184690C67} = {120081E4-7EBD-A5C2-3C5E-D1E6FB3ED331}
		{C7229F87-7CC3-0DFC-9C12-CB16CC932A6E} = {120081E4-7EBD-A5C2-3C5E-D1E6FB3ED331}
		{514F3A3A-4E0E-F246-01EA-29FDB896AAC5} = {120081E4-7EBD-A5C2-3C5E-D1E6FB3ED331}
		{A66ABE38-0562-DD4F-4BE1-DF0122CEB6BB} = {827E0CD3-B72D-47B6-A68D-7590B98EB39B}
		{ED1ABE76-6FFC-AEFD-5B37-C2E25C1308E1} = {A66ABE38-0562-DD4F-4BE1-DF0122CEB6BB}
		{9DFC39E5-399D-79C5-EA74-2D7D38AF2BCB} = {A66ABE38-0562-DD4F-4BE1-DF0122CEB6BB}
		{AD5C80AE-1FF3-72A2-6870-5DA3B27D1636} = {A66ABE38-0562-DD4F-4BE1-DF0122CEB6BB}
		{96CFCF30-48C2-C5C8-4EAD-E16084ECFA30} = {827E0CD3-B72D-47B6-A68D-7590B98EB39B}
		{B6CAEBB5-B68A-D5EC-366B-56E7A2F3CAC1} = {96CFCF30-48C2-C5C8-4EAD-E16084ECFA30}
		{B5B5BD3F-0485-C0DD-FA1B-C2CE5695C8A6} = {96CFCF30-48C2-C5C8-4EAD-E16084ECFA30}
		{D4FF8456-8619-B646-F6F8-E330224807F9} = {96CFCF30-48C2-C5C8-4EAD-E16084ECFA30}
	EndGlobalSection
	GlobalSection(ExtensibilityGlobals) = postSolution
		SolutionGuid = {E8E5C4AD-7581-4D6B-ACD8-877FCC67FC34}
	EndGlobalSection
EndGlobal
